{
  "nodes": {
    "compose2nix": {
      "inputs": {
        "nixpkgs": [
          "nixpkgs"
        ]
      },
      "locked": {
        "lastModified": 1702955869,
        "narHash": "sha256-i+dMB0fbYz741L9272qJYMvqONpa00HAeRg0u3VV9TQ=",
        "owner": "aksiksi",
        "repo": "compose2nix",
        "rev": "a1eb50044a57c9888bb4fa1ee4399b3986ae43a8",
        "type": "github"
      },
      "original": {
        "owner": "aksiksi",
        "repo": "compose2nix",
        "type": "github"
      }
    },
    "disko": {
      "inputs": {
        "nixpkgs": [
          "nixpkgs"
        ]
      },
      "locked": {
        "lastModified": 1702862583,
        "narHash": "sha256-WXsUhQxFBkivItTteAeQ7j7kRdL7zFU4NOmdZ8KLHuc=",
        "owner": "nix-community",
        "repo": "disko",
        "rev": "e74526b33421a52ce06b2ccadbe670d25012eb01",
        "type": "github"
      },
      "original": {
        "owner": "nix-community",
        "repo": "disko",
        "type": "github"
      }
    },
    "flake-programs-sqlite": {
      "inputs": {
        "nixpkgs": [
          "nixpkgs"
        ],
        "utils": "utils"
      },
      "locked": {
        "lastModified": 1703022130,
        "narHash": "sha256-SF1pczTwyZ+yt3XxAV6q8ycfAnEIpXmxYJAyepUj78s=",
        "owner": "wamserma",
        "repo": "flake-programs-sqlite",
        "rev": "c8b15677ef9755182810906704d33a78a2127ba6",
        "type": "github"
      },
      "original": {
        "owner": "wamserma",
        "repo": "flake-programs-sqlite",
        "type": "github"
      }
    },
    "impermanence": {
      "locked": {
        "lastModified": 1702984171,
        "narHash": "sha256-reIUBrUXibohXmvXRsgpvtlCE0QQSvWSA+qQCKohgR0=",
        "owner": "nix-community",
        "repo": "impermanence",
        "rev": "123e94200f63952639492796b8878e588a4a2851",
        "type": "github"
      },
      "original": {
        "owner": "nix-community",
        "repo": "impermanence",
        "type": "github"
      }
    },
    "nixpkgs": {
      "locked": {
        "lastModified": 1702921762,
        "narHash": "sha256-O/rP7gulApQAB47u6szEd8Pn8Biw0d84j5iuP2tcxzY=",
        "owner": "NixOS",
        "repo": "nixpkgs",
        "rev": "d02ffbbe834b5599fc5f134e644e49397eb07188",
        "type": "github"
      },
      "original": {
        "id": "nixpkgs",
        "ref": "nixos-23.11",
        "type": "indirect"
      }
    },
    "nixpkgs-unstable": {
      "locked": {
        "lastModified": 1702830618,
        "narHash": "sha256-lvhwIvRwhOLgzbRuYkqHy4M5cQHYs4ktL6/hyuBS6II=",
        "owner": "NixOS",
        "repo": "nixpkgs",
        "rev": "91a00709aebb3602f172a0bf47ba1ef013e34835",
        "type": "github"
      },
      "original": {
        "id": "nixpkgs",
        "ref": "nixos-unstable",
        "type": "indirect"
      }
    },
    "root": {
      "inputs": {
        "compose2nix": "compose2nix",
        "disko": "disko",
        "flake-programs-sqlite": "flake-programs-sqlite",
        "impermanence": "impermanence",
        "nixpkgs": "nixpkgs",
        "nixpkgs-unstable": "nixpkgs-unstable"
      }
    },
    "utils": {
      "locked": {
        "lastModified": 1678901627,
        "narHash": "sha256-U02riOqrKKzwjsxc/400XnElV+UtPUQWpANPlyazjH0=",
        "owner": "numtide",
        "repo": "flake-utils",
        "rev": "93a2b84fc4b70d9e089d029deacc3583435c2ed6",
        "type": "github"
      },
      "original": {
        "owner": "numtide",
        "repo": "flake-utils",
        "type": "github"
      }
    }
  },
  "root": "root",
  "version": 7
}
